// !$*UTF8*$!
{
	archiveVersion = 1;
	classes = {
	};
	objectVersion = 46;
	objects = {

/* Begin PBXBuildFile section */
		CEF8CB3B1BFD9CDE00024E80 /* main.cpp in Sources */ = {isa = PBXBuildFile; fileRef = CEF8CB3A1BFD9CDE00024E80 /* main.cpp */; };
		CEF8CC581BFDC51B00024E80 /* librapidcheck.a in Frameworks */ = {isa = PBXBuildFile; fileRef = CEF8CC571BFDC51B00024E80 /* librapidcheck.a */; };
		CEF8CCFF1BFDC6AC00024E80 /* main.cpp in Sources */ = {isa = PBXBuildFile; fileRef = CEF8CCFA1BFDC6AC00024E80 /* main.cpp */; };
		CEF8CD051BFDFD7700024E80 /* TexStream.cpp in Sources */ = {isa = PBXBuildFile; fileRef = CEF8CD031BFDFD7700024E80 /* TexStream.cpp */; };
		CEF8CD061BFDFD7700024E80 /* TexStream.cpp in Sources */ = {isa = PBXBuildFile; fileRef = CEF8CD031BFDFD7700024E80 /* TexStream.cpp */; };
		CEF8CD0A1BFF0A2F00024E80 /* TokenStream.cpp in Sources */ = {isa = PBXBuildFile; fileRef = CEF8CD081BFF0A2F00024E80 /* TokenStream.cpp */; };
		CEF8CD0B1BFF0A2F00024E80 /* TokenStream.cpp in Sources */ = {isa = PBXBuildFile; fileRef = CEF8CD081BFF0A2F00024E80 /* TokenStream.cpp */; };
		CEF8CD0E1BFF156E00024E80 /* Token.cpp in Sources */ = {isa = PBXBuildFile; fileRef = CEF8CD0C1BFF156E00024E80 /* Token.cpp */; };
		CEF8CD0F1BFF156E00024E80 /* Token.cpp in Sources */ = {isa = PBXBuildFile; fileRef = CEF8CD0C1BFF156E00024E80 /* Token.cpp */; };
		CEF8CD121BFF25DF00024E80 /* Lex.cpp in Sources */ = {isa = PBXBuildFile; fileRef = CEF8CD101BFF25DF00024E80 /* Lex.cpp */; };
		CEF8CD151BFF562F00024E80 /* TestLex.cpp in Sources */ = {isa = PBXBuildFile; fileRef = CEF8CD141BFF562F00024E80 /* TestLex.cpp */; };
		CEF8CD171C00412400024E80 /* Lex.cpp in Sources */ = {isa = PBXBuildFile; fileRef = CEF8CD101BFF25DF00024E80 /* Lex.cpp */; };
/* End PBXBuildFile section */

/* Begin PBXCopyFilesBuildPhase section */
		CEF8CB1D1BFD995A00024E80 /* CopyFiles */ = {
			isa = PBXCopyFilesBuildPhase;
			buildActionMask = 2147483647;
			dstPath = /usr/share/man/man1/;
			dstSubfolderSpec = 0;
			files = (
			);
			runOnlyForDeploymentPostprocessing = 1;
		};
		CEF8CB361BFD9CDE00024E80 /* CopyFiles */ = {
			isa = PBXCopyFilesBuildPhase;
			buildActionMask = 2147483647;
			dstPath = /usr/share/man/man1/;
			dstSubfolderSpec = 0;
			files = (
			);
			runOnlyForDeploymentPostprocessing = 1;
		};
/* End PBXCopyFilesBuildPhase section */

/* Begin PBXFileReference section */
		CEF8CB1F1BFD995A00024E80 /* fun-lua */ = {isa = PBXFileReference; explicitFileType = "compiled.mach-o.executable"; includeInIndex = 0; path = "fun-lua"; sourceTree = BUILT_PRODUCTS_DIR; };
		CEF8CB381BFD9CDE00024E80 /* test */ = {isa = PBXFileReference; explicitFileType = "compiled.mach-o.executable"; includeInIndex = 0; path = test; sourceTree = BUILT_PRODUCTS_DIR; };
		CEF8CB3A1BFD9CDE00024E80 /* main.cpp */ = {isa = PBXFileReference; lastKnownFileType = sourcecode.cpp.cpp; path = main.cpp; sourceTree = "<group>"; };
		CEF8CB471BFDB5A600024E80 /* TestParserResult.h */ = {isa = PBXFileReference; lastKnownFileType = sourcecode.c.h; path = TestParserResult.h; sourceTree = "<group>"; };
		CEF8CC561BFDC27C00024E80 /* TestCPSParser.h */ = {isa = PBXFileReference; lastKnownFileType = sourcecode.c.h; path = TestCPSParser.h; sourceTree = "<group>"; };
		CEF8CC571BFDC51B00024E80 /* librapidcheck.a */ = {isa = PBXFileReference; lastKnownFileType = archive.ar; name = librapidcheck.a; path = libs/rapidcheck/librapidcheck.a; sourceTree = SOURCE_ROOT; };
		CEF8CCFA1BFDC6AC00024E80 /* main.cpp */ = {isa = PBXFileReference; fileEncoding = 4; lastKnownFileType = sourcecode.cpp.cpp; path = main.cpp; sourceTree = "<group>"; };
		CEF8CD011BFDCC6B00024E80 /* CPS.h */ = {isa = PBXFileReference; fileEncoding = 4; lastKnownFileType = sourcecode.c.h; path = CPS.h; sourceTree = "<group>"; };
		CEF8CD021BFDCCA400024E80 /* CPSResult.h */ = {isa = PBXFileReference; fileEncoding = 4; lastKnownFileType = sourcecode.c.h; path = CPSResult.h; sourceTree = "<group>"; };
		CEF8CD031BFDFD7700024E80 /* TexStream.cpp */ = {isa = PBXFileReference; fileEncoding = 4; lastKnownFileType = sourcecode.cpp.cpp; path = TexStream.cpp; sourceTree = "<group>"; };
		CEF8CD041BFDFD7700024E80 /* TexStream.h */ = {isa = PBXFileReference; fileEncoding = 4; lastKnownFileType = sourcecode.c.h; path = TexStream.h; sourceTree = "<group>"; };
		CEF8CD071BFE026A00024E80 /* TestStream.h */ = {isa = PBXFileReference; lastKnownFileType = sourcecode.c.h; path = TestStream.h; sourceTree = "<group>"; };
		CEF8CD081BFF0A2F00024E80 /* TokenStream.cpp */ = {isa = PBXFileReference; fileEncoding = 4; lastKnownFileType = sourcecode.cpp.cpp; path = TokenStream.cpp; sourceTree = "<group>"; };
		CEF8CD091BFF0A2F00024E80 /* TokenStream.h */ = {isa = PBXFileReference; fileEncoding = 4; lastKnownFileType = sourcecode.c.h; path = TokenStream.h; sourceTree = "<group>"; };
		CEF8CD0C1BFF156E00024E80 /* Token.cpp */ = {isa = PBXFileReference; fileEncoding = 4; lastKnownFileType = sourcecode.cpp.cpp; path = Token.cpp; sourceTree = "<group>"; };
		CEF8CD0D1BFF156E00024E80 /* Token.h */ = {isa = PBXFileReference; fileEncoding = 4; lastKnownFileType = sourcecode.c.h; path = Token.h; sourceTree = "<group>"; };
		CEF8CD101BFF25DF00024E80 /* Lex.cpp */ = {isa = PBXFileReference; fileEncoding = 4; lastKnownFileType = sourcecode.cpp.cpp; path = Lex.cpp; sourceTree = "<group>"; };
		CEF8CD111BFF25DF00024E80 /* Lex.h */ = {isa = PBXFileReference; fileEncoding = 4; lastKnownFileType = sourcecode.c.h; path = Lex.h; sourceTree = "<group>"; };
		CEF8CD141BFF562F00024E80 /* TestLex.cpp */ = {isa = PBXFileReference; fileEncoding = 4; lastKnownFileType = sourcecode.cpp.cpp; path = TestLex.cpp; sourceTree = "<group>"; };
		CEF8CD161BFF56C800024E80 /* Util.h */ = {isa = PBXFileReference; lastKnownFileType = sourcecode.c.h; path = Util.h; sourceTree = "<group>"; };
/* End PBXFileReference section */

/* Begin PBXFrameworksBuildPhase section */
		CEF8CB1C1BFD995A00024E80 /* Frameworks */ = {
			isa = PBXFrameworksBuildPhase;
			buildActionMask = 2147483647;
			files = (
			);
			runOnlyForDeploymentPostprocessing = 0;
		};
		CEF8CB351BFD9CDE00024E80 /* Frameworks */ = {
			isa = PBXFrameworksBuildPhase;
			buildActionMask = 2147483647;
			files = (
				CEF8CC581BFDC51B00024E80 /* librapidcheck.a in Frameworks */,
			);
			runOnlyForDeploymentPostprocessing = 0;
		};
/* End PBXFrameworksBuildPhase section */

/* Begin PBXGroup section */
		CEF8CB161BFD995A00024E80 = {
			isa = PBXGroup;
			children = (
				CEF8CCF71BFDC6AC00024E80 /* fun-lua */,
				CEF8CB391BFD9CDE00024E80 /* test */,
				CEF8CB201BFD995A00024E80 /* Products */,
			);
			sourceTree = "<group>";
		};
		CEF8CB201BFD995A00024E80 /* Products */ = {
			isa = PBXGroup;
			children = (
				CEF8CB1F1BFD995A00024E80 /* fun-lua */,
				CEF8CB381BFD9CDE00024E80 /* test */,
			);
			name = Products;
			sourceTree = "<group>";
		};
		CEF8CB391BFD9CDE00024E80 /* test */ = {
			isa = PBXGroup;
			children = (
				CEF8CC571BFDC51B00024E80 /* librapidcheck.a */,
				CEF8CB3A1BFD9CDE00024E80 /* main.cpp */,
				CEF8CB471BFDB5A600024E80 /* TestParserResult.h */,
				CEF8CC561BFDC27C00024E80 /* TestCPSParser.h */,
				CEF8CD071BFE026A00024E80 /* TestStream.h */,
				CEF8CD141BFF562F00024E80 /* TestLex.cpp */,
			);
			path = test;
			sourceTree = "<group>";
		};
		CEF8CCF71BFDC6AC00024E80 /* fun-lua */ = {
			isa = PBXGroup;
			children = (
				CEF8CCF81BFDC6AC00024E80 /* codegen */,
				CEF8CCF91BFDC6AC00024E80 /* gc */,
				CEF8CCFA1BFDC6AC00024E80 /* main.cpp */,
				CEF8CCFB1BFDC6AC00024E80 /* parser */,
				CEF8CCFE1BFDC6AC00024E80 /* vm */,
				CEF8CD011BFDCC6B00024E80 /* CPS.h */,
				CEF8CD021BFDCCA400024E80 /* CPSResult.h */,
				CEF8CD161BFF56C800024E80 /* Util.h */,
			);
			path = "fun-lua";
			sourceTree = "<group>";
		};
		CEF8CCF81BFDC6AC00024E80 /* codegen */ = {
			isa = PBXGroup;
			children = (
			);
			path = codegen;
			sourceTree = "<group>";
		};
		CEF8CCF91BFDC6AC00024E80 /* gc */ = {
			isa = PBXGroup;
			children = (
			);
			path = gc;
			sourceTree = "<group>";
		};
		CEF8CCFB1BFDC6AC00024E80 /* parser */ = {
			isa = PBXGroup;
			children = (
				CEF8CD031BFDFD7700024E80 /* TexStream.cpp */,
				CEF8CD041BFDFD7700024E80 /* TexStream.h */,
				CEF8CD081BFF0A2F00024E80 /* TokenStream.cpp */,
				CEF8CD091BFF0A2F00024E80 /* TokenStream.h */,
				CEF8CD0C1BFF156E00024E80 /* Token.cpp */,
				CEF8CD0D1BFF156E00024E80 /* Token.h */,
				CEF8CD101BFF25DF00024E80 /* Lex.cpp */,
				CEF8CD111BFF25DF00024E80 /* Lex.h */,
			);
			path = parser;
			sourceTree = "<group>";
		};
		CEF8CCFE1BFDC6AC00024E80 /* vm */ = {
			isa = PBXGroup;
			children = (
			);
			path = vm;
			sourceTree = "<group>";
		};
/* End PBXGroup section */

/* Begin PBXNativeTarget section */
		CEF8CB1E1BFD995A00024E80 /* fun-lua */ = {
			isa = PBXNativeTarget;
			buildConfigurationList = CEF8CB261BFD995A00024E80 /* Build configuration list for PBXNativeTarget "fun-lua" */;
			buildPhases = (
				CEF8CB1B1BFD995A00024E80 /* Sources */,
				CEF8CB1C1BFD995A00024E80 /* Frameworks */,
				CEF8CB1D1BFD995A00024E80 /* CopyFiles */,
			);
			buildRules = (
			);
			dependencies = (
			);
			name = "fun-lua";
			productName = "fun-lua";
			productReference = CEF8CB1F1BFD995A00024E80 /* fun-lua */;
			productType = "com.apple.product-type.tool";
		};
		CEF8CB371BFD9CDE00024E80 /* test */ = {
			isa = PBXNativeTarget;
			buildConfigurationList = CEF8CB3C1BFD9CDE00024E80 /* Build configuration list for PBXNativeTarget "test" */;
			buildPhases = (
				CEF8CB341BFD9CDE00024E80 /* Sources */,
				CEF8CB351BFD9CDE00024E80 /* Frameworks */,
				CEF8CB361BFD9CDE00024E80 /* CopyFiles */,
			);
			buildRules = (
			);
			dependencies = (
			);
			name = test;
			productName = test;
			productReference = CEF8CB381BFD9CDE00024E80 /* test */;
			productType = "com.apple.product-type.tool";
		};
/* End PBXNativeTarget section */

/* Begin PBXProject section */
		CEF8CB171BFD995A00024E80 /* Project object */ = {
			isa = PBXProject;
			attributes = {
				LastUpgradeCheck = 0620;
				ORGANIZATIONNAME = user;
				TargetAttributes = {
					CEF8CB1E1BFD995A00024E80 = {
						CreatedOnToolsVersion = 6.2;
					};
					CEF8CB371BFD9CDE00024E80 = {
						CreatedOnToolsVersion = 6.2;
					};
				};
			};
			buildConfigurationList = CEF8CB1A1BFD995A00024E80 /* Build configuration list for PBXProject "fun-lua" */;
			compatibilityVersion = "Xcode 3.2";
			developmentRegion = English;
			hasScannedForEncodings = 0;
			knownRegions = (
				en,
			);
			mainGroup = CEF8CB161BFD995A00024E80;
			productRefGroup = CEF8CB201BFD995A00024E80 /* Products */;
			projectDirPath = "";
			projectRoot = "";
			targets = (
				CEF8CB1E1BFD995A00024E80 /* fun-lua */,
				CEF8CB371BFD9CDE00024E80 /* test */,
			);
		};
/* End PBXProject section */

/* Begin PBXSourcesBuildPhase section */
		CEF8CB1B1BFD995A00024E80 /* Sources */ = {
			isa = PBXSourcesBuildPhase;
			buildActionMask = 2147483647;
			files = (
				CEF8CD0A1BFF0A2F00024E80 /* TokenStream.cpp in Sources */,
				CEF8CCFF1BFDC6AC00024E80 /* main.cpp in Sources */,
				CEF8CD051BFDFD7700024E80 /* TexStream.cpp in Sources */,
				CEF8CD0E1BFF156E00024E80 /* Token.cpp in Sources */,
				CEF8CD121BFF25DF00024E80 /* Lex.cpp in Sources */,
			);
			runOnlyForDeploymentPostprocessing = 0;
		};
		CEF8CB341BFD9CDE00024E80 /* Sources */ = {
			isa = PBXSourcesBuildPhase;
			buildActionMask = 2147483647;
			files = (
				CEF8CD0B1BFF0A2F00024E80 /* TokenStream.cpp in Sources */,
				CEF8CB3B1BFD9CDE00024E80 /* main.cpp in Sources */,
				CEF8CD061BFDFD7700024E80 /* TexStream.cpp in Sources */,
				CEF8CD171C00412400024E80 /* Lex.cpp in Sources */,
				CEF8CD151BFF562F00024E80 /* TestLex.cpp in Sources */,
				CEF8CD0F1BFF156E00024E80 /* Token.cpp in Sources */,
			);
			runOnlyForDeploymentPostprocessing = 0;
		};
/* End PBXSourcesBuildPhase section */

/* Begin XCBuildConfiguration section */
		CEF8CB241BFD995A00024E80 /* Debug */ = {
			isa = XCBuildConfiguration;
			buildSettings = {
				ALWAYS_SEARCH_USER_PATHS = NO;
				CLANG_CXX_LANGUAGE_STANDARD = "gnu++0x";
				CLANG_CXX_LIBRARY = "libc++";
				CLANG_ENABLE_MODULES = YES;
				CLANG_ENABLE_OBJC_ARC = YES;
				CLANG_WARN_BOOL_CONVERSION = YES;
				CLANG_WARN_CONSTANT_CONVERSION = YES;
				CLANG_WARN_DIRECT_OBJC_ISA_USAGE = YES_ERROR;
				CLANG_WARN_EMPTY_BODY = YES;
				CLANG_WARN_ENUM_CONVERSION = YES;
				CLANG_WARN_INT_CONVERSION = YES;
				CLANG_WARN_OBJC_ROOT_CLASS = YES_ERROR;
				CLANG_WARN_UNREACHABLE_CODE = YES;
				CLANG_WARN__DUPLICATE_METHOD_MATCH = YES;
				COPY_PHASE_STRIP = NO;
				ENABLE_STRICT_OBJC_MSGSEND = YES;
				GCC_C_LANGUAGE_STANDARD = gnu99;
				GCC_DYNAMIC_NO_PIC = NO;
				GCC_OPTIMIZATION_LEVEL = 0;
				GCC_PREPROCESSOR_DEFINITIONS = (
					"DEBUG=1",
					"$(inherited)",
				);
				GCC_SYMBOLS_PRIVATE_EXTERN = NO;
				GCC_WARN_64_TO_32_BIT_CONVERSION = YES;
				GCC_WARN_ABOUT_RETURN_TYPE = YES_ERROR;
				GCC_WARN_UNDECLARED_SELECTOR = YES;
				GCC_WARN_UNINITIALIZED_AUTOS = YES_AGGRESSIVE;
				GCC_WARN_UNUSED_FUNCTION = YES;
				GCC_WARN_UNUSED_VARIABLE = YES;
				MACOSX_DEPLOYMENT_TARGET = 10.9;
				MTL_ENABLE_DEBUG_INFO = YES;
				ONLY_ACTIVE_ARCH = YES;
				SDKROOT = macosx;
			};
			name = Debug;
		};
		CEF8CB251BFD995A00024E80 /* Release */ = {
			isa = XCBuildConfiguration;
			buildSettings = {
				ALWAYS_SEARCH_USER_PATHS = NO;
				CLANG_CXX_LANGUAGE_STANDARD = "gnu++0x";
				CLANG_CXX_LIBRARY = "libc++";
				CLANG_ENABLE_MODULES = YES;
				CLANG_ENABLE_OBJC_ARC = YES;
				CLANG_WARN_BOOL_CONVERSION = YES;
				CLANG_WARN_CONSTANT_CONVERSION = YES;
				CLANG_WARN_DIRECT_OBJC_ISA_USAGE = YES_ERROR;
				CLANG_WARN_EMPTY_BODY = YES;
				CLANG_WARN_ENUM_CONVERSION = YES;
				CLANG_WARN_INT_CONVERSION = YES;
				CLANG_WARN_OBJC_ROOT_CLASS = YES_ERROR;
				CLANG_WARN_UNREACHABLE_CODE = YES;
				CLANG_WARN__DUPLICATE_METHOD_MATCH = YES;
				COPY_PHASE_STRIP = NO;
				DEBUG_INFORMATION_FORMAT = "dwarf-with-dsym";
				ENABLE_NS_ASSERTIONS = NO;
				ENABLE_STRICT_OBJC_MSGSEND = YES;
				GCC_C_LANGUAGE_STANDARD = gnu99;
				GCC_WARN_64_TO_32_BIT_CONVERSION = YES;
				GCC_WARN_ABOUT_RETURN_TYPE = YES_ERROR;
				GCC_WARN_UNDECLARED_SELECTOR = YES;
				GCC_WARN_UNINITIALIZED_AUTOS = YES_AGGRESSIVE;
				GCC_WARN_UNUSED_FUNCTION = YES;
				GCC_WARN_UNUSED_VARIABLE = YES;
				MACOSX_DEPLOYMENT_TARGET = 10.9;
				MTL_ENABLE_DEBUG_INFO = NO;
				SDKROOT = macosx;
			};
			name = Release;
		};
		CEF8CB271BFD995A00024E80 /* Debug */ = {
			isa = XCBuildConfiguration;
			buildSettings = {
				CLANG_CXX_LANGUAGE_STANDARD = "gnu++14";
				LIBRARY_SEARCH_PATHS = (
					"$(inherited)",
					"$(PROJECT_DIR)/libs/rapidcheck",
				);
				PRODUCT_NAME = "$(TARGET_NAME)";
			};
			name = Debug;
		};
		CEF8CB281BFD995A00024E80 /* Release */ = {
			isa = XCBuildConfiguration;
			buildSettings = {
				CLANG_CXX_LANGUAGE_STANDARD = "gnu++14";
				LIBRARY_SEARCH_PATHS = (
					"$(inherited)",
					"$(PROJECT_DIR)/libs/rapidcheck",
				);
				PRODUCT_NAME = "$(TARGET_NAME)";
			};
			name = Release;
		};
		CEF8CB3D1BFD9CDE00024E80 /* Debug */ = {
			isa = XCBuildConfiguration;
			buildSettings = {
				GCC_PREPROCESSOR_DEFINITIONS = (
					"DEBUG=1",
					"$(inherited)",
				);
				HEADER_SEARCH_PATHS = (
					"$(inherited)",
					/Applications/Xcode.app/Contents/Developer/Toolchains/XcodeDefault.xctoolchain/usr/include,
					"$(PROJECT_DIR)/libs/rapidcheck",
					"$(PROJECT_DIR)/fun-lua",
					"$(PROJECT_DIR)/fun-lua/parser",
				);
				LIBRARY_SEARCH_PATHS = (
					"$(inherited)",
					"$(PROJECT_DIR)/libs/rapidcheck",
				);
				PRODUCT_NAME = "$(TARGET_NAME)";
			};
			name = Debug;
		};
		CEF8CB3E1BFD9CDE00024E80 /* Release */ = {
			isa = XCBuildConfiguration;
			buildSettings = {
				HEADER_SEARCH_PATHS = (
					"$(inherited)",
					/Applications/Xcode.app/Contents/Developer/Toolchains/XcodeDefault.xctoolchain/usr/include,
					"$(PROJECT_DIR)/libs/rapidcheck",
					"$(PROJECT_DIR)/fun-lua",
					"$(PROJECT_DIR)/fun-lua/parser",
				);
				LIBRARY_SEARCH_PATHS = (
					"$(inherited)",
					"$(PROJECT_DIR)/libs/rapidcheck",
				);
				PRODUCT_NAME = "$(TARGET_NAME)";
			};
			name = Release;
		};
/* End XCBuildConfiguration section */

/* Begin XCConfigurationList section */
		CEF8CB1A1BFD995A00024E80 /* Build configuration list for PBXProject "fun-lua" */ = {
			isa = XCConfigurationList;
			buildConfigurations = (
				CEF8CB241BFD995A00024E80 /* Debug */,
				CEF8CB251BFD995A00024E80 /* Release */,
			);
			defaultConfigurationIsVisible = 0;
			defaultConfigurationName = Release;
		};
		CEF8CB261BFD995A00024E80 /* Build configuration list for PBXNativeTarget "fun-lua" */ = {
			isa = XCConfigurationList;
			buildConfigurations = (
				CEF8CB271BFD995A00024E80 /* Debug */,
				CEF8CB281BFD995A00024E80 /* Release */,
			);
			defaultConfigurationIsVisible = 0;
			defaultConfigurationName = Release;
		};
		CEF8CB3C1BFD9CDE00024E80 /* Build configuration list for PBXNativeTarget "test" */ = {
			isa = XCConfigurationList;
			buildConfigurations = (
				CEF8CB3D1BFD9CDE00024E80 /* Debug */,
				CEF8CB3E1BFD9CDE00024E80 /* Release */,
			);
			defaultConfigurationIsVisible = 0;
			defaultConfigurationName = Release;
		};
/* End XCConfigurationList section */
	};
	rootObject = CEF8CB171BFD995A00024E80 /* Project object */;
}
